// !$*UTF8*$!
{
	archiveVersion = 1;
	classes = {
	};
	objectVersion = 46;
	objects = {

/* Begin PBXBuildFile section */
		C0F996D71BEB1BB100248BA6 /* AppDelegate.swift in Sources */ = {isa = PBXBuildFile; fileRef = C0F996D61BEB1BB100248BA6 /* AppDelegate.swift */; };
		C0F996D91BEB1BB100248BA6 /* ViewController.swift in Sources */ = {isa = PBXBuildFile; fileRef = C0F996D81BEB1BB100248BA6 /* ViewController.swift */; };
		C0F996DC1BEB1BB100248BA6 /* Main.storyboard in Resources */ = {isa = PBXBuildFile; fileRef = C0F996DA1BEB1BB100248BA6 /* Main.storyboard */; };
		C0F996DE1BEB1BB100248BA6 /* Assets.xcassets in Resources */ = {isa = PBXBuildFile; fileRef = C0F996DD1BEB1BB100248BA6 /* Assets.xcassets */; };
		C0F996E11BEB1BB100248BA6 /* LaunchScreen.storyboard in Resources */ = {isa = PBXBuildFile; fileRef = C0F996DF1BEB1BB100248BA6 /* LaunchScreen.storyboard */; };
		C0F996EC1BEB1BB100248BA6 /* dropbox_wk1Tests.swift in Sources */ = {isa = PBXBuildFile; fileRef = C0F996EB1BEB1BB100248BA6 /* dropbox_wk1Tests.swift */; };
		C0F996F71BEB1BB100248BA6 /* dropbox_wk1UITests.swift in Sources */ = {isa = PBXBuildFile; fileRef = C0F996F61BEB1BB100248BA6 /* dropbox_wk1UITests.swift */; };
/* End PBXBuildFile section */

/* Begin PBXContainerItemProxy section */
		C0F996E81BEB1BB100248BA6 /* PBXContainerItemProxy */ = {
			isa = PBXContainerItemProxy;
			containerPortal = C0F996CB1BEB1BB100248BA6 /* Project object */;
			proxyType = 1;
			remoteGlobalIDString = C0F996D21BEB1BB100248BA6;
			remoteInfo = dropbox_wk1;
		};
		C0F996F31BEB1BB100248BA6 /* PBXContainerItemProxy */ = {
			isa = PBXContainerItemProxy;
			containerPortal = C0F996CB1BEB1BB100248BA6 /* Project object */;
			proxyType = 1;
			remoteGlobalIDString = C0F996D21BEB1BB100248BA6;
			remoteInfo = dropbox_wk1;
		};
/* End PBXContainerItemProxy section */

/* Begin PBXFileReference section */
		C0F996D31BEB1BB100248BA6 /* dropbox_wk1.app */ = {isa = PBXFileReference; explicitFileType = wrapper.application; includeInIndex = 0; path = dropbox_wk1.app; sourceTree = BUILT_PRODUCTS_DIR; };
		C0F996D61BEB1BB100248BA6 /* AppDelegate.swift */ = {isa = PBXFileReference; lastKnownFileType = sourcecode.swift; path = AppDelegate.swift; sourceTree = "<group>"; };
		C0F996D81BEB1BB100248BA6 /* ViewController.swift */ = {isa = PBXFileReference; lastKnownFileType = sourcecode.swift; path = ViewController.swift; sourceTree = "<group>"; };
		C0F996DB1BEB1BB100248BA6 /* Base */ = {isa = PBXFileReference; lastKnownFileType = file.storyboard; name = Base; path = Base.lproj/Main.storyboard; sourceTree = "<group>"; };
		C0F996DD1BEB1BB100248BA6 /* Assets.xcassets */ = {isa = PBXFileReference; lastKnownFileType = folder.assetcatalog; path = Assets.xcassets; sourceTree = "<group>"; };
		C0F996E01BEB1BB100248BA6 /* Base */ = {isa = PBXFileReference; lastKnownFileType = file.storyboard; name = Base; path = Base.lproj/LaunchScreen.storyboard; sourceTree = "<group>"; };
		C0F996E21BEB1BB100248BA6 /* Info.plist */ = {isa = PBXFileReference; lastKnownFileType = text.plist.xml; path = Info.plist; sourceTree = "<group>"; };
		C0F996E71BEB1BB100248BA6 /* dropbox_wk1Tests.xctest */ = {isa = PBXFileReference; explicitFileType = wrapper.cfbundle; includeInIndex = 0; path = dropbox_wk1Tests.xctest; sourceTree = BUILT_PRODUCTS_DIR; };
		C0F996EB1BEB1BB100248BA6 /* dropbox_wk1Tests.swift */ = {isa = PBXFileReference; lastKnownFileType = sourcecode.swift; path = dropbox_wk1Tests.swift; sourceTree = "<group>"; };
		C0F996ED1BEB1BB100248BA6 /* Info.plist */ = {isa = PBXFileReference; lastKnownFileType = text.plist.xml; path = Info.plist; sourceTree = "<group>"; };
		C0F996F21BEB1BB100248BA6 /* dropbox_wk1UITests.xctest */ = {isa = PBXFileReference; explicitFileType = wrapper.cfbundle; includeInIndex = 0; path = dropbox_wk1UITests.xctest; sourceTree = BUILT_PRODUCTS_DIR; };
		C0F996F61BEB1BB100248BA6 /* dropbox_wk1UITests.swift */ = {isa = PBXFileReference; lastKnownFileType = sourcecode.swift; path = dropbox_wk1UITests.swift; sourceTree = "<group>"; };
		C0F996F81BEB1BB100248BA6 /* Info.plist */ = {isa = PBXFileReference; lastKnownFileType = text.plist.xml; path = Info.plist; sourceTree = "<group>"; };
/* End PBXFileReference section */

/* Begin PBXFrameworksBuildPhase section */
		C0F996D01BEB1BB100248BA6 /* Frameworks */ = {
			isa = PBXFrameworksBuildPhase;
			buildActionMask = 2147483647;
			files = (
			);
			runOnlyForDeploymentPostprocessing = 0;
		};
		C0F996E41BEB1BB100248BA6 /* Frameworks */ = {
			isa = PBXFrameworksBuildPhase;
			buildActionMask = 2147483647;
			files = (
			);
			runOnlyForDeploymentPostprocessing = 0;
		};
		C0F996EF1BEB1BB100248BA6 /* Frameworks */ = {
			isa = PBXFrameworksBuildPhase;
			buildActionMask = 2147483647;
			files = (
			);
			runOnlyForDeploymentPostprocessing = 0;
		};
/* End PBXFrameworksBuildPhase section */

/* Begin PBXGroup section */
		C0F996CA1BEB1BB100248BA6 = {
			isa = PBXGroup;
			children = (
				C0F996D51BEB1BB100248BA6 /* dropbox_wk1 */,
				C0F996EA1BEB1BB100248BA6 /* dropbox_wk1Tests */,
				C0F996F51BEB1BB100248BA6 /* dropbox_wk1UITests */,
				C0F996D41BEB1BB100248BA6 /* Products */,
			);
			sourceTree = "<group>";
		};
		C0F996D41BEB1BB100248BA6 /* Products */ = {
			isa = PBXGroup;
			children = (
				C0F996D31BEB1BB100248BA6 /* dropbox_wk1.app */,
				C0F996E71BEB1BB100248BA6 /* dropbox_wk1Tests.xctest */,
				C0F996F21BEB1BB100248BA6 /* dropbox_wk1UITests.xctest */,
			);
			name = Products;
			sourceTree = "<group>";
		};
		C0F996D51BEB1BB100248BA6 /* dropbox_wk1 */ = {
			isa = PBXGroup;
			children = (
				C0F996D61BEB1BB100248BA6 /* AppDelegate.swift */,
				C0F996D81BEB1BB100248BA6 /* ViewController.swift */,
				C0F996DA1BEB1BB100248BA6 /* Main.storyboard */,
				C0F996DD1BEB1BB100248BA6 /* Assets.xcassets */,
				C0F996DF1BEB1BB100248BA6 /* LaunchScreen.storyboard */,
				C0F996E21BEB1BB100248BA6 /* Info.plist */,
			);
			path = dropbox_wk1;
			sourceTree = "<group>";
		};
		C0F996EA1BEB1BB100248BA6 /* dropbox_wk1Tests */ = {
			isa = PBXGroup;
			children = (
				C0F996EB1BEB1BB100248BA6 /* dropbox_wk1Tests.swift */,
				C0F996ED1BEB1BB100248BA6 /* Info.plist */,
			);
			path = dropbox_wk1Tests;
			sourceTree = "<group>";
		};
		C0F996F51BEB1BB100248BA6 /* dropbox_wk1UITests */ = {
			isa = PBXGroup;
			children = (
				C0F996F61BEB1BB100248BA6 /* dropbox_wk1UITests.swift */,
				C0F996F81BEB1BB100248BA6 /* Info.plist */,
			);
			path = dropbox_wk1UITests;
			sourceTree = "<group>";
		};
/* End PBXGroup section */

/* Begin PBXNativeTarget section */
		C0F996D21BEB1BB100248BA6 /* dropbox_wk1 */ = {
			isa = PBXNativeTarget;
			buildConfigurationList = C0F996FB1BEB1BB100248BA6 /* Build configuration list for PBXNativeTarget "dropbox_wk1" */;
			buildPhases = (
				C0F996CF1BEB1BB100248BA6 /* Sources */,
				C0F996D01BEB1BB100248BA6 /* Frameworks */,
				C0F996D11BEB1BB100248BA6 /* Resources */,
			);
			buildRules = (
			);
			dependencies = (
			);
			name = dropbox_wk1;
			productName = dropbox_wk1;
			productReference = C0F996D31BEB1BB100248BA6 /* dropbox_wk1.app */;
			productType = "com.apple.product-type.application";
		};
		C0F996E61BEB1BB100248BA6 /* dropbox_wk1Tests */ = {
			isa = PBXNativeTarget;
			buildConfigurationList = C0F996FE1BEB1BB100248BA6 /* Build configuration list for PBXNativeTarget "dropbox_wk1Tests" */;
			buildPhases = (
				C0F996E31BEB1BB100248BA6 /* Sources */,
				C0F996E41BEB1BB100248BA6 /* Frameworks */,
				C0F996E51BEB1BB100248BA6 /* Resources */,
			);
			buildRules = (
			);
			dependencies = (
				C0F996E91BEB1BB100248BA6 /* PBXTargetDependency */,
			);
			name = dropbox_wk1Tests;
			productName = dropbox_wk1Tests;
			productReference = C0F996E71BEB1BB100248BA6 /* dropbox_wk1Tests.xctest */;
			productType = "com.apple.product-type.bundle.unit-test";
		};
		C0F996F11BEB1BB100248BA6 /* dropbox_wk1UITests */ = {
			isa = PBXNativeTarget;
			buildConfigurationList = C0F997011BEB1BB100248BA6 /* Build configuration list for PBXNativeTarget "dropbox_wk1UITests" */;
			buildPhases = (
				C0F996EE1BEB1BB100248BA6 /* Sources */,
				C0F996EF1BEB1BB100248BA6 /* Frameworks */,
				C0F996F01BEB1BB100248BA6 /* Resources */,
			);
			buildRules = (
			);
			dependencies = (
				C0F996F41BEB1BB100248BA6 /* PBXTargetDependency */,
			);
			name = dropbox_wk1UITests;
			productName = dropbox_wk1UITests;
			productReference = C0F996F21BEB1BB100248BA6 /* dropbox_wk1UITests.xctest */;
			productType = "com.apple.product-type.bundle.ui-testing";
		};
/* End PBXNativeTarget section */

/* Begin PBXProject section */
		C0F996CB1BEB1BB100248BA6 /* Project object */ = {
			isa = PBXProject;
			attributes = {
				LastSwiftUpdateCheck = 0710;
				LastUpgradeCheck = 0710;
				ORGANIZATIONNAME = "Mariannina Viggi";
				TargetAttributes = {
					C0F996D21BEB1BB100248BA6 = {
						CreatedOnToolsVersion = 7.1;
					};
					C0F996E61BEB1BB100248BA6 = {
						CreatedOnToolsVersion = 7.1;
						TestTargetID = C0F996D21BEB1BB100248BA6;
					};
					C0F996F11BEB1BB100248BA6 = {
						CreatedOnToolsVersion = 7.1;
						TestTargetID = C0F996D21BEB1BB100248BA6;
					};
				};
			};
			buildConfigurationList = C0F996CE1BEB1BB100248BA6 /* Build configuration list for PBXProject "dropbox_wk1" */;
			compatibilityVersion = "Xcode 3.2";
			developmentRegion = English;
			hasScannedForEncodings = 0;
			knownRegions = (
				en,
				Base,
			);
			mainGroup = C0F996CA1BEB1BB100248BA6;
			productRefGroup = C0F996D41BEB1BB100248BA6 /* Products */;
			projectDirPath = "";
			projectRoot = "";
			targets = (
				C0F996D21BEB1BB100248BA6 /* dropbox_wk1 */,
				C0F996E61BEB1BB100248BA6 /* dropbox_wk1Tests */,
				C0F996F11BEB1BB100248BA6 /* dropbox_wk1UITests */,
			);
		};
/* End PBXProject section */

/* Begin PBXResourcesBuildPhase section */
		C0F996D11BEB1BB100248BA6 /* Resources */ = {
			isa = PBXResourcesBuildPhase;
			buildActionMask = 2147483647;
			files = (
				C0F996E11BEB1BB100248BA6 /* LaunchScreen.storyboard in Resources */,
				C0F996DE1BEB1BB100248BA6 /* Assets.xcassets in Resources */,
				C0F996DC1BEB1BB100248BA6 /* Main.storyboard in Resources */,
			);
			runOnlyForDeploymentPostprocessing = 0;
		};
		C0F996E51BEB1BB100248BA6 /* Resources */ = {
			isa = PBXResourcesBuildPhase;
			buildActionMask = 2147483647;
			files = (
			);
			runOnlyForDeploymentPostprocessing = 0;
		};
		C0F996F01BEB1BB100248BA6 /* Resources */ = {
			isa = PBXResourcesBuildPhase;
			buildActionMask = 2147483647;
			files = (
			);
			runOnlyForDeploymentPostprocessing = 0;
		};
/* End PBXResourcesBuildPhase section */

/* Begin PBXSourcesBuildPhase section */
		C0F996CF1BEB1BB100248BA6 /* Sources */ = {
			isa = PBXSourcesBuildPhase;
			buildActionMask = 2147483647;
			files = (
				C0F996D91BEB1BB100248BA6 /* ViewController.swift in Sources */,
				C0F996D71BEB1BB100248BA6 /* AppDelegate.swift in Sources */,
			);
			runOnlyForDeploymentPostprocessing = 0;
		};
		C0F996E31BEB1BB100248BA6 /* Sources */ = {
			isa = PBXSourcesBuildPhase;
			buildActionMask = 2147483647;
			files = (
				C0F996EC1BEB1BB100248BA6 /* dropbox_wk1Tests.swift in Sources */,
			);
			runOnlyForDeploymentPostprocessing = 0;
		};
		C0F996EE1BEB1BB100248BA6 /* Sources */ = {
			isa = PBXSourcesBuildPhase;
			buildActionMask = 2147483647;
			files = (
				C0F996F71BEB1BB100248BA6 /* dropbox_wk1UITests.swift in Sources */,
			);
			runOnlyForDeploymentPostprocessing = 0;
		};
/* End PBXSourcesBuildPhase section */

/* Begin PBXTargetDependency section */
		C0F996E91BEB1BB100248BA6 /* PBXTargetDependency */ = {
			isa = PBXTargetDependency;
			target = C0F996D21BEB1BB100248BA6 /* dropbox_wk1 */;
			targetProxy = C0F996E81BEB1BB100248BA6 /* PBXContainerItemProxy */;
		};
		C0F996F41BEB1BB100248BA6 /* PBXTargetDependency */ = {
			isa = PBXTargetDependency;
			target = C0F996D21BEB1BB100248BA6 /* dropbox_wk1 */;
			targetProxy = C0F996F31BEB1BB100248BA6 /* PBXContainerItemProxy */;
		};
/* End PBXTargetDependency section */

/* Begin PBXVariantGroup section */
		C0F996DA1BEB1BB100248BA6 /* Main.storyboard */ = {
			isa = PBXVariantGroup;
			children = (
				C0F996DB1BEB1BB100248BA6 /* Base */,
			);
			name = Main.storyboard;
			sourceTree = "<group>";
		};
		C0F996DF1BEB1BB100248BA6 /* LaunchScreen.storyboard */ = {
			isa = PBXVariantGroup;
			children = (
				C0F996E01BEB1BB100248BA6 /* Base */,
			);
			name = LaunchScreen.storyboard;
			sourceTree = "<group>";
		};
/* End PBXVariantGroup section */

/* Begin XCBuildConfiguration section */
		C0F996F91BEB1BB100248BA6 /* Debug */ = {
			isa = XCBuildConfiguration;
			buildSettings = {
				ALWAYS_SEARCH_USER_PATHS = NO;
				CLANG_CXX_LANGUAGE_STANDARD = "gnu++0x";
				CLANG_CXX_LIBRARY = "libc++";
				CLANG_ENABLE_MODULES = YES;
				CLANG_ENABLE_OBJC_ARC = YES;
				CLANG_WARN_BOOL_CONVERSION = YES;
				CLANG_WARN_CONSTANT_CONVERSION = YES;
				CLANG_WARN_DIRECT_OBJC_ISA_USAGE = YES_ERROR;
				CLANG_WARN_EMPTY_BODY = YES;
				CLANG_WARN_ENUM_CONVERSION = YES;
				CLANG_WARN_INT_CONVERSION = YES;
				CLANG_WARN_OBJC_ROOT_CLASS = YES_ERROR;
				CLANG_WARN_UNREACHABLE_CODE = YES;
				CLANG_WARN__DUPLICATE_METHOD_MATCH = YES;
				"CODE_SIGN_IDENTITY[sdk=iphoneos*]" = "iPhone Developer";
				COPY_PHASE_STRIP = NO;
				DEBUG_INFORMATION_FORMAT = dwarf;
				ENABLE_STRICT_OBJC_MSGSEND = YES;
				ENABLE_TESTABILITY = YES;
				GCC_C_LANGUAGE_STANDARD = gnu99;
				GCC_DYNAMIC_NO_PIC = NO;
				GCC_NO_COMMON_BLOCKS = YES;
				GCC_OPTIMIZATION_LEVEL = 0;
				GCC_PREPROCESSOR_DEFINITIONS = (
					"DEBUG=1",
					"$(inherited)",
				);
				GCC_WARN_64_TO_32_BIT_CONVERSION = YES;
				GCC_WARN_ABOUT_RETURN_TYPE = YES_ERROR;
				GCC_WARN_UNDECLARED_SELECTOR = YES;
				GCC_WARN_UNINITIALIZED_AUTOS = YES_AGGRESSIVE;
				GCC_WARN_UNUSED_FUNCTION = YES;
				GCC_WARN_UNUSED_VARIABLE = YES;
				IPHONEOS_DEPLOYMENT_TARGET = 9.1;
				MTL_ENABLE_DEBUG_INFO = YES;
				ONLY_ACTIVE_ARCH = YES;
				SDKROOT = iphoneos;
				SWIFT_OPTIMIZATION_LEVEL = "-Onone";
			};
			name = Debug;
		};
		C0F996FA1BEB1BB100248BA6 /* Release */ = {
			isa = XCBuildConfiguration;
			buildSettings = {
				ALWAYS_SEARCH_USER_PATHS = NO;
				CLANG_CXX_LANGUAGE_STANDARD = "gnu++0x";
				CLANG_CXX_LIBRARY = "libc++";
				CLANG_ENABLE_MODULES = YES;
				CLANG_ENABLE_OBJC_ARC = YES;
				CLANG_WARN_BOOL_CONVERSION = YES;
				CLANG_WARN_CONSTANT_CONVERSION = YES;
				CLANG_WARN_DIRECT_OBJC_ISA_USAGE = YES_ERROR;
				CLANG_WARN_EMPTY_BODY = YES;
				CLANG_WARN_ENUM_CONVERSION = YES;
				CLANG_WARN_INT_CONVERSION = YES;
				CLANG_WARN_OBJC_ROOT_CLASS = YES_ERROR;
				CLANG_WARN_UNREACHABLE_CODE = YES;
				CLANG_WARN__DUPLICATE_METHOD_MATCH = YES;
				"CODE_SIGN_IDENTITY[sdk=iphoneos*]" = "iPhone Developer";
				COPY_PHASE_STRIP = NO;
				DEBUG_INFORMATION_FORMAT = "dwarf-with-dsym";
				ENABLE_NS_ASSERTIONS = NO;
				ENABLE_STRICT_OBJC_MSGSEND = YES;
				GCC_C_LANGUAGE_STANDARD = gnu99;
				GCC_NO_COMMON_BLOCKS = YES;
				GCC_WARN_64_TO_32_BIT_CONVERSION = YES;
				GCC_WARN_ABOUT_RETURN_TYPE = YES_ERROR;
				GCC_WARN_UNDECLARED_SELECTOR = YES;
				GCC_WARN_UNINITIALIZED_AUTOS = YES_AGGRESSIVE;
				GCC_WARN_UNUSED_FUNCTION = YES;
				GCC_WARN_UNUSED_VARIABLE = YES;
				IPHONEOS_DEPLOYMENT_TARGET = 9.1;
				MTL_ENABLE_DEBUG_INFO = NO;
				SDKROOT = iphoneos;
				VALIDATE_PRODUCT = YES;
			};
			name = Release;
		};
		C0F996FC1BEB1BB100248BA6 /* Debug */ = {
			isa = XCBuildConfiguration;
			buildSettings = {
				ASSETCATALOG_COMPILER_APPICON_NAME = AppIcon;
				INFOPLIST_FILE = dropbox_wk1/Info.plist;
				LD_RUNPATH_SEARCH_PATHS = "$(inherited) @executable_path/Frameworks";
				PRODUCT_BUNDLE_IDENTIFIER = "com.ninaviggi.tipz.dropbox-wk1";
				PRODUCT_NAME = "$(TARGET_NAME)";
			};
			name = Debug;
		};
		C0F996FD1BEB1BB100248BA6 /* Release */ = {
			isa = XCBuildConfiguration;
			buildSettings = {
				ASSETCATALOG_COMPILER_APPICON_NAME = AppIcon;
				INFOPLIST_FILE = dropbox_wk1/Info.plist;
				LD_RUNPATH_SEARCH_PATHS = "$(inherited) @executable_path/Frameworks";
				PRODUCT_BUNDLE_IDENTIFIER = "com.ninaviggi.tipz.dropbox-wk1";
				PRODUCT_NAME = "$(TARGET_NAME)";
			};
			name = Release;
		};
		C0F996FF1BEB1BB100248BA6 /* Debug */ = {
			isa = XCBuildConfiguration;
			buildSettings = {
				BUNDLE_LOADER = "$(TEST_HOST)";
				INFOPLIST_FILE = dropbox_wk1Tests/Info.plist;
				LD_RUNPATH_SEARCH_PATHS = "$(inherited) @executable_path/Frameworks @loader_path/Frameworks";
				PRODUCT_BUNDLE_IDENTIFIER = "com.ninaviggi.tipz.dropbox-wk1Tests";
				PRODUCT_NAME = "$(TARGET_NAME)";
				TEST_HOST = "$(BUILT_PRODUCTS_DIR)/dropbox_wk1.app/dropbox_wk1";
			};
			name = Debug;
		};
		C0F997001BEB1BB100248BA6 /* Release */ = {
			isa = XCBuildConfiguration;
			buildSettings = {
				BUNDLE_LOADER = "$(TEST_HOST)";
				INFOPLIST_FILE = dropbox_wk1Tests/Info.plist;
				LD_RUNPATH_SEARCH_PATHS = "$(inherited) @executable_path/Frameworks @loader_path/Frameworks";
				PRODUCT_BUNDLE_IDENTIFIER = "com.ninaviggi.tipz.dropbox-wk1Tests";
				PRODUCT_NAME = "$(TARGET_NAME)";
				TEST_HOST = "$(BUILT_PRODUCTS_DIR)/dropbox_wk1.app/dropbox_wk1";
			};
			name = Release;
		};
		C0F997021BEB1BB100248BA6 /* Debug */ = {
			isa = XCBuildConfiguration;
			buildSettings = {
				INFOPLIST_FILE = dropbox_wk1UITests/Info.plist;
				LD_RUNPATH_SEARCH_PATHS = "$(inherited) @executable_path/Frameworks @loader_path/Frameworks";
				PRODUCT_BUNDLE_IDENTIFIER = "com.ninaviggi.tipz.dropbox-wk1UITests";
				PRODUCT_NAME = "$(TARGET_NAME)";
				TEST_TARGET_NAME = dropbox_wk1;
				USES_XCTRUNNER = YES;
			};
			name = Debug;
		};
		C0F997031BEB1BB100248BA6 /* Release */ = {
			isa = XCBuildConfiguration;
			buildSettings = {
				INFOPLIST_FILE = dropbox_wk1UITests/Info.plist;
				LD_RUNPATH_SEARCH_PATHS = "$(inherited) @executable_path/Frameworks @loader_path/Frameworks";
				PRODUCT_BUNDLE_IDENTIFIER = "com.ninaviggi.tipz.dropbox-wk1UITests";
				PRODUCT_NAME = "$(TARGET_NAME)";
				TEST_TARGET_NAME = dropbox_wk1;
				USES_XCTRUNNER = YES;
			};
			name = Release;
		};
/* End XCBuildConfiguration section */

/* Begin XCConfigurationList section */
		C0F996CE1BEB1BB100248BA6 /* Build configuration list for PBXProject "dropbox_wk1" */ = {
			isa = XCConfigurationList;
			buildConfigurations = (
				C0F996F91BEB1BB100248BA6 /* Debug */,
				C0F996FA1BEB1BB100248BA6 /* Release */,
			);
			defaultConfigurationIsVisible = 0;
			defaultConfigurationName = Release;
		};
		C0F996FB1BEB1BB100248BA6 /* Build configuration list for PBXNativeTarget "dropbox_wk1" */ = {
			isa = XCConfigurationList;
			buildConfigurations = (
				C0F996FC1BEB1BB100248BA6 /* Debug */,
				C0F996FD1BEB1BB100248BA6 /* Release */,
			);
			defaultConfigurationIsVisible = 0;
		};
		C0F996FE1BEB1BB100248BA6 /* Build configuration list for PBXNativeTarget "dropbox_wk1Tests" */ = {
			isa = XCConfigurationList;
			buildConfigurations = (
				C0F996FF1BEB1BB100248BA6 /* Debug */,
				C0F997001BEB1BB100248BA6 /* Release */,
			);
			defaultConfigurationIsVisible = 0;
		};
		C0F997011BEB1BB100248BA6 /* Build configuration list for PBXNativeTarget "dropbox_wk1UITests" */ = {
			isa = XCConfigurationList;
			buildConfigurations = (
				C0F997021BEB1BB100248BA6 /* Debug */,
				C0F997031BEB1BB100248BA6 /* Release */,
			);
			defaultConfigurationIsVisible = 0;
		};
/* End XCConfigurationList section */
	};
	rootObject = C0F996CB1BEB1BB100248BA6 /* Project object */;
}
